// !$*UTF8*$!
{
	archiveVersion = 1;
	classes = {
	};
	objectVersion = 52;
	objects = {

/* Begin PBXBuildFile section */
		E50B73A924080EE5008F1215 /* ProfileViewModelSpec.swift in Sources */ = {isa = PBXBuildFile; fileRef = E50B73A824080EE5008F1215 /* ProfileViewModelSpec.swift */; };
		E5A7A2AD24058D220090A41C /* ProfileCollectionViewDataSource.swift in Sources */ = {isa = PBXBuildFile; fileRef = E5A7A2AC24058D220090A41C /* ProfileCollectionViewDataSource.swift */; };
		E5A7A2AF24058DD20090A41C /* SegmentsCollectionViewCell.swift in Sources */ = {isa = PBXBuildFile; fileRef = E5A7A2AE24058DD20090A41C /* SegmentsCollectionViewCell.swift */; };
		E5A7A2B124058DE40090A41C /* ProfileInfoCollectionViewCell.swift in Sources */ = {isa = PBXBuildFile; fileRef = E5A7A2B024058DE40090A41C /* ProfileInfoCollectionViewCell.swift */; };
		E5A7A2B324058DF20090A41C /* PhotoCollectionViewCell.swift in Sources */ = {isa = PBXBuildFile; fileRef = E5A7A2B224058DF20090A41C /* PhotoCollectionViewCell.swift */; };
		E5A7A2B524058F5D0090A41C /* PhotoCollectionViewCell.xib in Resources */ = {isa = PBXBuildFile; fileRef = E5A7A2B424058F5D0090A41C /* PhotoCollectionViewCell.xib */; };
		E5A7A2B724058F6B0090A41C /* ProfileInfoCollectionViewCell.xib in Resources */ = {isa = PBXBuildFile; fileRef = E5A7A2B624058F6B0090A41C /* ProfileInfoCollectionViewCell.xib */; };
		E5A7A2B924058F760090A41C /* SegmentsCollectionViewCell.xib in Resources */ = {isa = PBXBuildFile; fileRef = E5A7A2B824058F760090A41C /* SegmentsCollectionViewCell.xib */; };
		E5A7A2C22406DF9F0090A41C /* Color.swift in Sources */ = {isa = PBXBuildFile; fileRef = E5A7A2C12406DF9F0090A41C /* Color.swift */; };
		E5A7A2C42406E6600090A41C /* ProfileViewModel.swift in Sources */ = {isa = PBXBuildFile; fileRef = E5A7A2C32406E6600090A41C /* ProfileViewModel.swift */; };
		E5A7A2C62406F3C90090A41C /* String+Extension.swift in Sources */ = {isa = PBXBuildFile; fileRef = E5A7A2C52406F3C90090A41C /* String+Extension.swift */; };
		E5EA64F7240573E700BA7D25 /* AppDelegate.swift in Sources */ = {isa = PBXBuildFile; fileRef = E5EA64F6240573E700BA7D25 /* AppDelegate.swift */; };
		E5EA64F9240573E700BA7D25 /* SceneDelegate.swift in Sources */ = {isa = PBXBuildFile; fileRef = E5EA64F8240573E700BA7D25 /* SceneDelegate.swift */; };
		E5EA64FE240573E700BA7D25 /* Profile.storyboard in Resources */ = {isa = PBXBuildFile; fileRef = E5EA64FC240573E700BA7D25 /* Profile.storyboard */; };
		E5EA6500240573EA00BA7D25 /* Assets.xcassets in Resources */ = {isa = PBXBuildFile; fileRef = E5EA64FF240573EA00BA7D25 /* Assets.xcassets */; };
		E5EA6503240573EA00BA7D25 /* LaunchScreen.storyboard in Resources */ = {isa = PBXBuildFile; fileRef = E5EA6501240573EA00BA7D25 /* LaunchScreen.storyboard */; };
		E5EA650E240573EA00BA7D25 /* ProfileCollectionViewDataSourceTests.swift in Sources */ = {isa = PBXBuildFile; fileRef = E5EA650D240573EA00BA7D25 /* ProfileCollectionViewDataSourceTests.swift */; };
		E5EA651D2405750A00BA7D25 /* Quick in Frameworks */ = {isa = PBXBuildFile; productRef = E5EA651C2405750A00BA7D25 /* Quick */; };
		E5EA652A2405766800BA7D25 /* Nimble in Frameworks */ = {isa = PBXBuildFile; productRef = E5EA65292405766800BA7D25 /* Nimble */; };
		E5EA652C24057B1500BA7D25 /* Profile.swift in Sources */ = {isa = PBXBuildFile; fileRef = E5EA652B24057B1500BA7D25 /* Profile.swift */; };
		E5EA652E24057B2800BA7D25 /* ProfileResponse.swift in Sources */ = {isa = PBXBuildFile; fileRef = E5EA652D24057B2800BA7D25 /* ProfileResponse.swift */; };
		E5EA653624057BA800BA7D25 /* ProfilePresenter.swift in Sources */ = {isa = PBXBuildFile; fileRef = E5EA653024057BA800BA7D25 /* ProfilePresenter.swift */; };
		E5EA653724057BA800BA7D25 /* ProfileWorker.swift in Sources */ = {isa = PBXBuildFile; fileRef = E5EA653124057BA800BA7D25 /* ProfileWorker.swift */; };
		E5EA653924057BA800BA7D25 /* ProfileBuilder.swift in Sources */ = {isa = PBXBuildFile; fileRef = E5EA653324057BA800BA7D25 /* ProfileBuilder.swift */; };
		E5EA653A24057BA800BA7D25 /* ProfileInteractor.swift in Sources */ = {isa = PBXBuildFile; fileRef = E5EA653424057BA800BA7D25 /* ProfileInteractor.swift */; };
		E5EA653C24057BCF00BA7D25 /* ProfileViewController.swift in Sources */ = {isa = PBXBuildFile; fileRef = E5EA653B24057BCF00BA7D25 /* ProfileViewController.swift */; };
		E5EA654724057FBA00BA7D25 /* AlamofireImage in Frameworks */ = {isa = PBXBuildFile; productRef = E5EA654624057FBA00BA7D25 /* AlamofireImage */; };
		E5EA6549240581C800BA7D25 /* ProfileError.swift in Sources */ = {isa = PBXBuildFile; fileRef = E5EA6548240581C800BA7D25 /* ProfileError.swift */; };
/* End PBXBuildFile section */

/* Begin PBXContainerItemProxy section */
		E5EA650A240573EA00BA7D25 /* PBXContainerItemProxy */ = {
			isa = PBXContainerItemProxy;
			containerPortal = E5EA64EB240573E700BA7D25 /* Project object */;
			proxyType = 1;
			remoteGlobalIDString = E5EA64F2240573E700BA7D25;
			remoteInfo = FiveDotTwelve;
		};
/* End PBXContainerItemProxy section */

/* Begin PBXFileReference section */
		E50B73A824080EE5008F1215 /* ProfileViewModelSpec.swift */ = {isa = PBXFileReference; lastKnownFileType = sourcecode.swift; path = ProfileViewModelSpec.swift; sourceTree = "<group>"; };
		E5A7A2AC24058D220090A41C /* ProfileCollectionViewDataSource.swift */ = {isa = PBXFileReference; lastKnownFileType = sourcecode.swift; path = ProfileCollectionViewDataSource.swift; sourceTree = "<group>"; };
		E5A7A2AE24058DD20090A41C /* SegmentsCollectionViewCell.swift */ = {isa = PBXFileReference; lastKnownFileType = sourcecode.swift; path = SegmentsCollectionViewCell.swift; sourceTree = "<group>"; };
		E5A7A2B024058DE40090A41C /* ProfileInfoCollectionViewCell.swift */ = {isa = PBXFileReference; lastKnownFileType = sourcecode.swift; path = ProfileInfoCollectionViewCell.swift; sourceTree = "<group>"; };
		E5A7A2B224058DF20090A41C /* PhotoCollectionViewCell.swift */ = {isa = PBXFileReference; lastKnownFileType = sourcecode.swift; path = PhotoCollectionViewCell.swift; sourceTree = "<group>"; };
		E5A7A2B424058F5D0090A41C /* PhotoCollectionViewCell.xib */ = {isa = PBXFileReference; lastKnownFileType = file.xib; path = PhotoCollectionViewCell.xib; sourceTree = "<group>"; };
		E5A7A2B624058F6B0090A41C /* ProfileInfoCollectionViewCell.xib */ = {isa = PBXFileReference; lastKnownFileType = file.xib; path = ProfileInfoCollectionViewCell.xib; sourceTree = "<group>"; };
		E5A7A2B824058F760090A41C /* SegmentsCollectionViewCell.xib */ = {isa = PBXFileReference; lastKnownFileType = file.xib; path = SegmentsCollectionViewCell.xib; sourceTree = "<group>"; };
		E5A7A2C12406DF9F0090A41C /* Color.swift */ = {isa = PBXFileReference; lastKnownFileType = sourcecode.swift; path = Color.swift; sourceTree = "<group>"; };
		E5A7A2C32406E6600090A41C /* ProfileViewModel.swift */ = {isa = PBXFileReference; lastKnownFileType = sourcecode.swift; path = ProfileViewModel.swift; sourceTree = "<group>"; };
		E5A7A2C52406F3C90090A41C /* String+Extension.swift */ = {isa = PBXFileReference; lastKnownFileType = sourcecode.swift; path = "String+Extension.swift"; sourceTree = "<group>"; };
		E5EA64F3240573E700BA7D25 /* FiveDotTwelve.app */ = {isa = PBXFileReference; explicitFileType = wrapper.application; includeInIndex = 0; path = FiveDotTwelve.app; sourceTree = BUILT_PRODUCTS_DIR; };
		E5EA64F6240573E700BA7D25 /* AppDelegate.swift */ = {isa = PBXFileReference; lastKnownFileType = sourcecode.swift; path = AppDelegate.swift; sourceTree = "<group>"; };
		E5EA64F8240573E700BA7D25 /* SceneDelegate.swift */ = {isa = PBXFileReference; lastKnownFileType = sourcecode.swift; path = SceneDelegate.swift; sourceTree = "<group>"; };
		E5EA64FD240573E700BA7D25 /* Base */ = {isa = PBXFileReference; lastKnownFileType = file.storyboard; name = Base; path = Base.lproj/Profile.storyboard; sourceTree = "<group>"; };
		E5EA64FF240573EA00BA7D25 /* Assets.xcassets */ = {isa = PBXFileReference; lastKnownFileType = folder.assetcatalog; path = Assets.xcassets; sourceTree = "<group>"; };
		E5EA6502240573EA00BA7D25 /* Base */ = {isa = PBXFileReference; lastKnownFileType = file.storyboard; name = Base; path = Base.lproj/LaunchScreen.storyboard; sourceTree = "<group>"; };
		E5EA6504240573EA00BA7D25 /* Info.plist */ = {isa = PBXFileReference; lastKnownFileType = text.plist.xml; path = Info.plist; sourceTree = "<group>"; };
		E5EA6509240573EA00BA7D25 /* FiveDotTwelveTests.xctest */ = {isa = PBXFileReference; explicitFileType = wrapper.cfbundle; includeInIndex = 0; path = FiveDotTwelveTests.xctest; sourceTree = BUILT_PRODUCTS_DIR; };
		E5EA650D240573EA00BA7D25 /* ProfileCollectionViewDataSourceTests.swift */ = {isa = PBXFileReference; lastKnownFileType = sourcecode.swift; path = ProfileCollectionViewDataSourceTests.swift; sourceTree = "<group>"; };
		E5EA650F240573EA00BA7D25 /* Info.plist */ = {isa = PBXFileReference; lastKnownFileType = text.plist.xml; path = Info.plist; sourceTree = "<group>"; };
		E5EA652B24057B1500BA7D25 /* Profile.swift */ = {isa = PBXFileReference; lastKnownFileType = sourcecode.swift; path = Profile.swift; sourceTree = "<group>"; };
		E5EA652D24057B2800BA7D25 /* ProfileResponse.swift */ = {isa = PBXFileReference; lastKnownFileType = sourcecode.swift; path = ProfileResponse.swift; sourceTree = "<group>"; };
		E5EA653024057BA800BA7D25 /* ProfilePresenter.swift */ = {isa = PBXFileReference; lastKnownFileType = sourcecode.swift; path = ProfilePresenter.swift; sourceTree = "<group>"; };
		E5EA653124057BA800BA7D25 /* ProfileWorker.swift */ = {isa = PBXFileReference; lastKnownFileType = sourcecode.swift; path = ProfileWorker.swift; sourceTree = "<group>"; };
		E5EA653324057BA800BA7D25 /* ProfileBuilder.swift */ = {isa = PBXFileReference; lastKnownFileType = sourcecode.swift; path = ProfileBuilder.swift; sourceTree = "<group>"; };
		E5EA653424057BA800BA7D25 /* ProfileInteractor.swift */ = {isa = PBXFileReference; lastKnownFileType = sourcecode.swift; path = ProfileInteractor.swift; sourceTree = "<group>"; };
		E5EA653B24057BCF00BA7D25 /* ProfileViewController.swift */ = {isa = PBXFileReference; lastKnownFileType = sourcecode.swift; path = ProfileViewController.swift; sourceTree = "<group>"; };
		E5EA6548240581C800BA7D25 /* ProfileError.swift */ = {isa = PBXFileReference; lastKnownFileType = sourcecode.swift; path = ProfileError.swift; sourceTree = "<group>"; };
/* End PBXFileReference section */

/* Begin PBXFrameworksBuildPhase section */
		E5EA64F0240573E700BA7D25 /* Frameworks */ = {
			isa = PBXFrameworksBuildPhase;
			buildActionMask = 2147483647;
			files = (
				E5EA654724057FBA00BA7D25 /* AlamofireImage in Frameworks */,
			);
			runOnlyForDeploymentPostprocessing = 0;
		};
		E5EA6506240573EA00BA7D25 /* Frameworks */ = {
			isa = PBXFrameworksBuildPhase;
			buildActionMask = 2147483647;
			files = (
				E5EA651D2405750A00BA7D25 /* Quick in Frameworks */,
				E5EA652A2405766800BA7D25 /* Nimble in Frameworks */,
			);
			runOnlyForDeploymentPostprocessing = 0;
		};
/* End PBXFrameworksBuildPhase section */

/* Begin PBXGroup section */
		E50B73A624080837008F1215 /* Common */ = {
			isa = PBXGroup;
			children = (
				E5A7A2C12406DF9F0090A41C /* Color.swift */,
				E5A7A2C52406F3C90090A41C /* String+Extension.swift */,
			);
			path = Common;
			sourceTree = "<group>";
		};
		E50B73A724080E00008F1215 /* CollectionViewCells */ = {
			isa = PBXGroup;
			children = (
				E5A7A2AE24058DD20090A41C /* SegmentsCollectionViewCell.swift */,
				E5A7A2B824058F760090A41C /* SegmentsCollectionViewCell.xib */,
				E5A7A2B024058DE40090A41C /* ProfileInfoCollectionViewCell.swift */,
				E5A7A2B624058F6B0090A41C /* ProfileInfoCollectionViewCell.xib */,
				E5A7A2B224058DF20090A41C /* PhotoCollectionViewCell.swift */,
				E5A7A2B424058F5D0090A41C /* PhotoCollectionViewCell.xib */,
			);
			path = CollectionViewCells;
			sourceTree = "<group>";
		};
		E5EA64EA240573E700BA7D25 = {
			isa = PBXGroup;
			children = (
				E5EA64F5240573E700BA7D25 /* FiveDotTwelve */,
				E5EA650C240573EA00BA7D25 /* FiveDotTwelveTests */,
				E5EA64F4240573E700BA7D25 /* Products */,
				E5EA651E2405756200BA7D25 /* Frameworks */,
			);
			sourceTree = "<group>";
		};
		E5EA64F4240573E700BA7D25 /* Products */ = {
			isa = PBXGroup;
			children = (
				E5EA64F3240573E700BA7D25 /* FiveDotTwelve.app */,
				E5EA6509240573EA00BA7D25 /* FiveDotTwelveTests.xctest */,
			);
			name = Products;
			sourceTree = "<group>";
		};
		E5EA64F5240573E700BA7D25 /* FiveDotTwelve */ = {
			isa = PBXGroup;
			children = (
				E5EA64F6240573E700BA7D25 /* AppDelegate.swift */,
				E5EA64F8240573E700BA7D25 /* SceneDelegate.swift */,
				E5EA64FC240573E700BA7D25 /* Profile.storyboard */,
				E5EA64FF240573EA00BA7D25 /* Assets.xcassets */,
				E5EA6501240573EA00BA7D25 /* LaunchScreen.storyboard */,
				E5EA6504240573EA00BA7D25 /* Info.plist */,
				E50B73A624080837008F1215 /* Common */,
				E5EA654424057F0600BA7D25 /* Model */,
				E5EA654224057EF800BA7D25 /* Presenter */,
				E5EA654124057EF100BA7D25 /* Worker */,
				E5EA654024057ED400BA7D25 /* View */,
				E5EA653E24057EBF00BA7D25 /* Builder */,
				E5EA653D24057C4C00BA7D25 /* Interactor */,
			);
			path = FiveDotTwelve;
			sourceTree = "<group>";
		};
		E5EA650C240573EA00BA7D25 /* FiveDotTwelveTests */ = {
			isa = PBXGroup;
			children = (
				E5EA650D240573EA00BA7D25 /* ProfileCollectionViewDataSourceTests.swift */,
				E50B73A824080EE5008F1215 /* ProfileViewModelSpec.swift */,
				E5EA650F240573EA00BA7D25 /* Info.plist */,
			);
			path = FiveDotTwelveTests;
			sourceTree = "<group>";
		};
		E5EA651E2405756200BA7D25 /* Frameworks */ = {
			isa = PBXGroup;
			children = (
			);
			name = Frameworks;
			sourceTree = "<group>";
		};
		E5EA653D24057C4C00BA7D25 /* Interactor */ = {
			isa = PBXGroup;
			children = (
				E5EA653424057BA800BA7D25 /* ProfileInteractor.swift */,
			);
			path = Interactor;
			sourceTree = "<group>";
		};
		E5EA653E24057EBF00BA7D25 /* Builder */ = {
			isa = PBXGroup;
			children = (
				E5EA653324057BA800BA7D25 /* ProfileBuilder.swift */,
			);
			path = Builder;
			sourceTree = "<group>";
		};
		E5EA654024057ED400BA7D25 /* View */ = {
			isa = PBXGroup;
			children = (
				E5EA653B24057BCF00BA7D25 /* ProfileViewController.swift */,
				E5A7A2AC24058D220090A41C /* ProfileCollectionViewDataSource.swift */,
				E50B73A724080E00008F1215 /* CollectionViewCells */,
			);
			path = View;
			sourceTree = "<group>";
		};
		E5EA654124057EF100BA7D25 /* Worker */ = {
			isa = PBXGroup;
			children = (
				E5EA653124057BA800BA7D25 /* ProfileWorker.swift */,
			);
			path = Worker;
			sourceTree = "<group>";
		};
		E5EA654224057EF800BA7D25 /* Presenter */ = {
			isa = PBXGroup;
			children = (
				E5EA653024057BA800BA7D25 /* ProfilePresenter.swift */,
			);
			path = Presenter;
			sourceTree = "<group>";
		};
		E5EA654424057F0600BA7D25 /* Model */ = {
			isa = PBXGroup;
			children = (
				E5EA652B24057B1500BA7D25 /* Profile.swift */,
				E5EA652D24057B2800BA7D25 /* ProfileResponse.swift */,
				E5EA6548240581C800BA7D25 /* ProfileError.swift */,
				E5A7A2C32406E6600090A41C /* ProfileViewModel.swift */,
			);
			path = Model;
			sourceTree = "<group>";
		};
/* End PBXGroup section */

/* Begin PBXNativeTarget section */
		E5EA64F2240573E700BA7D25 /* FiveDotTwelve */ = {
			isa = PBXNativeTarget;
			buildConfigurationList = E5EA6512240573EA00BA7D25 /* Build configuration list for PBXNativeTarget "FiveDotTwelve" */;
			buildPhases = (
				E5EA64EF240573E700BA7D25 /* Sources */,
				E5EA64F0240573E700BA7D25 /* Frameworks */,
				E5EA64F1240573E700BA7D25 /* Resources */,
			);
			buildRules = (
			);
			dependencies = (
			);
			name = FiveDotTwelve;
			packageProductDependencies = (
				E5EA654624057FBA00BA7D25 /* AlamofireImage */,
			);
			productName = FiveDotTwelve;
			productReference = E5EA64F3240573E700BA7D25 /* FiveDotTwelve.app */;
			productType = "com.apple.product-type.application";
		};
		E5EA6508240573EA00BA7D25 /* FiveDotTwelveTests */ = {
			isa = PBXNativeTarget;
			buildConfigurationList = E5EA6515240573EA00BA7D25 /* Build configuration list for PBXNativeTarget "FiveDotTwelveTests" */;
			buildPhases = (
				E5EA6505240573EA00BA7D25 /* Sources */,
				E5EA6506240573EA00BA7D25 /* Frameworks */,
				E5EA6507240573EA00BA7D25 /* Resources */,
			);
			buildRules = (
			);
			dependencies = (
				E5EA650B240573EA00BA7D25 /* PBXTargetDependency */,
			);
			name = FiveDotTwelveTests;
			packageProductDependencies = (
				E5EA651C2405750A00BA7D25 /* Quick */,
				E5EA65292405766800BA7D25 /* Nimble */,
			);
			productName = FiveDotTwelveTests;
			productReference = E5EA6509240573EA00BA7D25 /* FiveDotTwelveTests.xctest */;
			productType = "com.apple.product-type.bundle.unit-test";
		};
/* End PBXNativeTarget section */

/* Begin PBXProject section */
		E5EA64EB240573E700BA7D25 /* Project object */ = {
			isa = PBXProject;
			attributes = {
				LastSwiftUpdateCheck = 1130;
				LastUpgradeCheck = 1130;
				ORGANIZATIONNAME = "Pawel Jurczyk";
				TargetAttributes = {
					E5EA64F2240573E700BA7D25 = {
						CreatedOnToolsVersion = 11.3.1;
					};
					E5EA6508240573EA00BA7D25 = {
						CreatedOnToolsVersion = 11.3.1;
						TestTargetID = E5EA64F2240573E700BA7D25;
					};
				};
			};
			buildConfigurationList = E5EA64EE240573E700BA7D25 /* Build configuration list for PBXProject "FiveDotTwelve" */;
			compatibilityVersion = "Xcode 9.3";
			developmentRegion = en;
			hasScannedForEncodings = 0;
			knownRegions = (
				en,
				Base,
			);
			mainGroup = E5EA64EA240573E700BA7D25;
			packageReferences = (
				E5EA6518240574EA00BA7D25 /* XCRemoteSwiftPackageReference "Nimble" */,
				E5EA651B2405750A00BA7D25 /* XCRemoteSwiftPackageReference "Quick" */,
				E5EA654524057FBA00BA7D25 /* XCRemoteSwiftPackageReference "AlamofireImage" */,
			);
			productRefGroup = E5EA64F4240573E700BA7D25 /* Products */;
			projectDirPath = "";
			projectRoot = "";
			targets = (
				E5EA64F2240573E700BA7D25 /* FiveDotTwelve */,
				E5EA6508240573EA00BA7D25 /* FiveDotTwelveTests */,
			);
		};
/* End PBXProject section */

/* Begin PBXResourcesBuildPhase section */
		E5EA64F1240573E700BA7D25 /* Resources */ = {
			isa = PBXResourcesBuildPhase;
			buildActionMask = 2147483647;
			files = (
				E5A7A2B924058F760090A41C /* SegmentsCollectionViewCell.xib in Resources */,
				E5EA6503240573EA00BA7D25 /* LaunchScreen.storyboard in Resources */,
				E5A7A2B724058F6B0090A41C /* ProfileInfoCollectionViewCell.xib in Resources */,
				E5A7A2B524058F5D0090A41C /* PhotoCollectionViewCell.xib in Resources */,
				E5EA6500240573EA00BA7D25 /* Assets.xcassets in Resources */,
				E5EA64FE240573E700BA7D25 /* Profile.storyboard in Resources */,
			);
			runOnlyForDeploymentPostprocessing = 0;
		};
		E5EA6507240573EA00BA7D25 /* Resources */ = {
			isa = PBXResourcesBuildPhase;
			buildActionMask = 2147483647;
			files = (
			);
			runOnlyForDeploymentPostprocessing = 0;
		};
/* End PBXResourcesBuildPhase section */

/* Begin PBXSourcesBuildPhase section */
		E5EA64EF240573E700BA7D25 /* Sources */ = {
			isa = PBXSourcesBuildPhase;
			buildActionMask = 2147483647;
			files = (
				E5A7A2B124058DE40090A41C /* ProfileInfoCollectionViewCell.swift in Sources */,
				E5EA653924057BA800BA7D25 /* ProfileBuilder.swift in Sources */,
				E5EA653724057BA800BA7D25 /* ProfileWorker.swift in Sources */,
				E5EA652C24057B1500BA7D25 /* Profile.swift in Sources */,
				E5A7A2AD24058D220090A41C /* ProfileCollectionViewDataSource.swift in Sources */,
				E5A7A2C22406DF9F0090A41C /* Color.swift in Sources */,
				E5EA64F7240573E700BA7D25 /* AppDelegate.swift in Sources */,
				E5EA653624057BA800BA7D25 /* ProfilePresenter.swift in Sources */,
				E5EA653C24057BCF00BA7D25 /* ProfileViewController.swift in Sources */,
				E5EA652E24057B2800BA7D25 /* ProfileResponse.swift in Sources */,
				E5A7A2C62406F3C90090A41C /* String+Extension.swift in Sources */,
				E5EA64F9240573E700BA7D25 /* SceneDelegate.swift in Sources */,
				E5A7A2B324058DF20090A41C /* PhotoCollectionViewCell.swift in Sources */,
				E5A7A2AF24058DD20090A41C /* SegmentsCollectionViewCell.swift in Sources */,
				E5A7A2C42406E6600090A41C /* ProfileViewModel.swift in Sources */,
				E5EA653A24057BA800BA7D25 /* ProfileInteractor.swift in Sources */,
				E5EA6549240581C800BA7D25 /* ProfileError.swift in Sources */,
			);
			runOnlyForDeploymentPostprocessing = 0;
		};
		E5EA6505240573EA00BA7D25 /* Sources */ = {
			isa = PBXSourcesBuildPhase;
			buildActionMask = 2147483647;
			files = (
				E50B73A924080EE5008F1215 /* ProfileViewModelSpec.swift in Sources */,
				E5EA650E240573EA00BA7D25 /* ProfileCollectionViewDataSourceTests.swift in Sources */,
			);
			runOnlyForDeploymentPostprocessing = 0;
		};
/* End PBXSourcesBuildPhase section */

/* Begin PBXTargetDependency section */
		E5EA650B240573EA00BA7D25 /* PBXTargetDependency */ = {
			isa = PBXTargetDependency;
			target = E5EA64F2240573E700BA7D25 /* FiveDotTwelve */;
			targetProxy = E5EA650A240573EA00BA7D25 /* PBXContainerItemProxy */;
		};
/* End PBXTargetDependency section */

/* Begin PBXVariantGroup section */
		E5EA64FC240573E700BA7D25 /* Profile.storyboard */ = {
			isa = PBXVariantGroup;
			children = (
				E5EA64FD240573E700BA7D25 /* Base */,
			);
			name = Profile.storyboard;
			sourceTree = "<group>";
		};
		E5EA6501240573EA00BA7D25 /* LaunchScreen.storyboard */ = {
			isa = PBXVariantGroup;
			children = (
				E5EA6502240573EA00BA7D25 /* Base */,
			);
			name = LaunchScreen.storyboard;
			sourceTree = "<group>";
		};
/* End PBXVariantGroup section */

/* Begin XCBuildConfiguration section */
		E5EA6510240573EA00BA7D25 /* Debug */ = {
			isa = XCBuildConfiguration;
			buildSettings = {
				ALWAYS_SEARCH_USER_PATHS = NO;
				CLANG_ANALYZER_NONNULL = YES;
				CLANG_ANALYZER_NUMBER_OBJECT_CONVERSION = YES_AGGRESSIVE;
				CLANG_CXX_LANGUAGE_STANDARD = "gnu++14";
				CLANG_CXX_LIBRARY = "libc++";
				CLANG_ENABLE_MODULES = YES;
				CLANG_ENABLE_OBJC_ARC = YES;
				CLANG_ENABLE_OBJC_WEAK = YES;
				CLANG_WARN_BLOCK_CAPTURE_AUTORELEASING = YES;
				CLANG_WARN_BOOL_CONVERSION = YES;
				CLANG_WARN_COMMA = YES;
				CLANG_WARN_CONSTANT_CONVERSION = YES;
				CLANG_WARN_DEPRECATED_OBJC_IMPLEMENTATIONS = YES;
				CLANG_WARN_DIRECT_OBJC_ISA_USAGE = YES_ERROR;
				CLANG_WARN_DOCUMENTATION_COMMENTS = YES;
				CLANG_WARN_EMPTY_BODY = YES;
				CLANG_WARN_ENUM_CONVERSION = YES;
				CLANG_WARN_INFINITE_RECURSION = YES;
				CLANG_WARN_INT_CONVERSION = YES;
				CLANG_WARN_NON_LITERAL_NULL_CONVERSION = YES;
				CLANG_WARN_OBJC_IMPLICIT_RETAIN_SELF = YES;
				CLANG_WARN_OBJC_LITERAL_CONVERSION = YES;
				CLANG_WARN_OBJC_ROOT_CLASS = YES_ERROR;
				CLANG_WARN_RANGE_LOOP_ANALYSIS = YES;
				CLANG_WARN_STRICT_PROTOTYPES = YES;
				CLANG_WARN_SUSPICIOUS_MOVE = YES;
				CLANG_WARN_UNGUARDED_AVAILABILITY = YES_AGGRESSIVE;
				CLANG_WARN_UNREACHABLE_CODE = YES;
				CLANG_WARN__DUPLICATE_METHOD_MATCH = YES;
				COPY_PHASE_STRIP = NO;
				DEBUG_INFORMATION_FORMAT = dwarf;
				DEFINES_MODULE = YES;
				ENABLE_STRICT_OBJC_MSGSEND = YES;
				ENABLE_TESTABILITY = YES;
				GCC_C_LANGUAGE_STANDARD = gnu11;
				GCC_DYNAMIC_NO_PIC = NO;
				GCC_NO_COMMON_BLOCKS = YES;
				GCC_OPTIMIZATION_LEVEL = 0;
				GCC_PREPROCESSOR_DEFINITIONS = (
					"DEBUG=1",
					"$(inherited)",
				);
				GCC_WARN_64_TO_32_BIT_CONVERSION = YES;
				GCC_WARN_ABOUT_RETURN_TYPE = YES_ERROR;
				GCC_WARN_UNDECLARED_SELECTOR = YES;
				GCC_WARN_UNINITIALIZED_AUTOS = YES_AGGRESSIVE;
				GCC_WARN_UNUSED_FUNCTION = YES;
				GCC_WARN_UNUSED_VARIABLE = YES;
				IPHONEOS_DEPLOYMENT_TARGET = 13.2;
				MTL_ENABLE_DEBUG_INFO = INCLUDE_SOURCE;
				MTL_FAST_MATH = YES;
				ONLY_ACTIVE_ARCH = YES;
				SDKROOT = iphoneos;
				SWIFT_ACTIVE_COMPILATION_CONDITIONS = DEBUG;
				SWIFT_OPTIMIZATION_LEVEL = "-Onone";
			};
			name = Debug;
		};
		E5EA6511240573EA00BA7D25 /* Release */ = {
			isa = XCBuildConfiguration;
			buildSettings = {
				ALWAYS_SEARCH_USER_PATHS = NO;
				CLANG_ANALYZER_NONNULL = YES;
				CLANG_ANALYZER_NUMBER_OBJECT_CONVERSION = YES_AGGRESSIVE;
				CLANG_CXX_LANGUAGE_STANDARD = "gnu++14";
				CLANG_CXX_LIBRARY = "libc++";
				CLANG_ENABLE_MODULES = YES;
				CLANG_ENABLE_OBJC_ARC = YES;
				CLANG_ENABLE_OBJC_WEAK = YES;
				CLANG_WARN_BLOCK_CAPTURE_AUTORELEASING = YES;
				CLANG_WARN_BOOL_CONVERSION = YES;
				CLANG_WARN_COMMA = YES;
				CLANG_WARN_CONSTANT_CONVERSION = YES;
				CLANG_WARN_DEPRECATED_OBJC_IMPLEMENTATIONS = YES;
				CLANG_WARN_DIRECT_OBJC_ISA_USAGE = YES_ERROR;
				CLANG_WARN_DOCUMENTATION_COMMENTS = YES;
				CLANG_WARN_EMPTY_BODY = YES;
				CLANG_WARN_ENUM_CONVERSION = YES;
				CLANG_WARN_INFINITE_RECURSION = YES;
				CLANG_WARN_INT_CONVERSION = YES;
				CLANG_WARN_NON_LITERAL_NULL_CONVERSION = YES;
				CLANG_WARN_OBJC_IMPLICIT_RETAIN_SELF = YES;
				CLANG_WARN_OBJC_LITERAL_CONVERSION = YES;
				CLANG_WARN_OBJC_ROOT_CLASS = YES_ERROR;
				CLANG_WARN_RANGE_LOOP_ANALYSIS = YES;
				CLANG_WARN_STRICT_PROTOTYPES = YES;
				CLANG_WARN_SUSPICIOUS_MOVE = YES;
				CLANG_WARN_UNGUARDED_AVAILABILITY = YES_AGGRESSIVE;
				CLANG_WARN_UNREACHABLE_CODE = YES;
				CLANG_WARN__DUPLICATE_METHOD_MATCH = YES;
				COPY_PHASE_STRIP = NO;
				DEBUG_INFORMATION_FORMAT = "dwarf-with-dsym";
				DEFINES_MODULE = YES;
				ENABLE_NS_ASSERTIONS = NO;
				ENABLE_STRICT_OBJC_MSGSEND = YES;
				GCC_C_LANGUAGE_STANDARD = gnu11;
				GCC_NO_COMMON_BLOCKS = YES;
				GCC_WARN_64_TO_32_BIT_CONVERSION = YES;
				GCC_WARN_ABOUT_RETURN_TYPE = YES_ERROR;
				GCC_WARN_UNDECLARED_SELECTOR = YES;
				GCC_WARN_UNINITIALIZED_AUTOS = YES_AGGRESSIVE;
				GCC_WARN_UNUSED_FUNCTION = YES;
				GCC_WARN_UNUSED_VARIABLE = YES;
				IPHONEOS_DEPLOYMENT_TARGET = 13.2;
				MTL_ENABLE_DEBUG_INFO = NO;
				MTL_FAST_MATH = YES;
				SDKROOT = iphoneos;
				SWIFT_COMPILATION_MODE = wholemodule;
				SWIFT_OPTIMIZATION_LEVEL = "-O";
				VALIDATE_PRODUCT = YES;
			};
			name = Release;
		};
		E5EA6513240573EA00BA7D25 /* Debug */ = {
			isa = XCBuildConfiguration;
			buildSettings = {
				ASSETCATALOG_COMPILER_APPICON_NAME = AppIcon;
				CODE_SIGN_STYLE = Automatic;
				DEVELOPMENT_TEAM = 25929P2J27;
				INFOPLIST_FILE = FiveDotTwelve/Info.plist;
				LD_RUNPATH_SEARCH_PATHS = (
					"$(inherited)",
					"@executable_path/Frameworks",
				);
				PRODUCT_BUNDLE_IDENTIFIER = com.paewel.FiveDotTwelve;
				PRODUCT_NAME = "$(TARGET_NAME)";
				SWIFT_VERSION = 5.0;
				TARGETED_DEVICE_FAMILY = 1;
			};
			name = Debug;
		};
		E5EA6514240573EA00BA7D25 /* Release */ = {
			isa = XCBuildConfiguration;
			buildSettings = {
				ASSETCATALOG_COMPILER_APPICON_NAME = AppIcon;
				CODE_SIGN_STYLE = Automatic;
				DEVELOPMENT_TEAM = 25929P2J27;
				INFOPLIST_FILE = FiveDotTwelve/Info.plist;
				LD_RUNPATH_SEARCH_PATHS = (
					"$(inherited)",
					"@executable_path/Frameworks",
				);
				PRODUCT_BUNDLE_IDENTIFIER = com.paewel.FiveDotTwelve;
				PRODUCT_NAME = "$(TARGET_NAME)";
				SWIFT_VERSION = 5.0;
				TARGETED_DEVICE_FAMILY = 1;
			};
			name = Release;
		};
		E5EA6516240573EA00BA7D25 /* Debug */ = {
			isa = XCBuildConfiguration;
			buildSettings = {
				ALWAYS_EMBED_SWIFT_STANDARD_LIBRARIES = YES;
				BUNDLE_LOADER = "$(TEST_HOST)";
				CODE_SIGN_STYLE = Automatic;
				DEVELOPMENT_TEAM = 25929P2J27;
				INFOPLIST_FILE = FiveDotTwelveTests/Info.plist;
				IPHONEOS_DEPLOYMENT_TARGET = 13.2;
				LD_RUNPATH_SEARCH_PATHS = (
					"$(inherited)",
					"@executable_path/Frameworks",
					"@loader_path/Frameworks",
				);
				PRODUCT_BUNDLE_IDENTIFIER = com.paewel.FiveDotTwelveTests;
				PRODUCT_NAME = "$(TARGET_NAME)";
				SWIFT_VERSION = 5.0;
				TARGETED_DEVICE_FAMILY = "1,2";
				TEST_HOST = "$(BUILT_PRODUCTS_DIR)/FiveDotTwelve.app/FiveDotTwelve";
			};
			name = Debug;
		};
		E5EA6517240573EA00BA7D25 /* Release */ = {
			isa = XCBuildConfiguration;
			buildSettings = {
				ALWAYS_EMBED_SWIFT_STANDARD_LIBRARIES = YES;
				BUNDLE_LOADER = "$(TEST_HOST)";
				CODE_SIGN_STYLE = Automatic;
				DEVELOPMENT_TEAM = 25929P2J27;
				INFOPLIST_FILE = FiveDotTwelveTests/Info.plist;
				IPHONEOS_DEPLOYMENT_TARGET = 13.2;
				LD_RUNPATH_SEARCH_PATHS = (
					"$(inherited)",
					"@executable_path/Frameworks",
					"@loader_path/Frameworks",
				);
				PRODUCT_BUNDLE_IDENTIFIER = com.paewel.FiveDotTwelveTests;
				PRODUCT_NAME = "$(TARGET_NAME)";
				SWIFT_VERSION = 5.0;
				TARGETED_DEVICE_FAMILY = "1,2";
				TEST_HOST = "$(BUILT_PRODUCTS_DIR)/FiveDotTwelve.app/FiveDotTwelve";
			};
			name = Release;
		};
/* End XCBuildConfiguration section */

/* Begin XCConfigurationList section */
		E5EA64EE240573E700BA7D25 /* Build configuration list for PBXProject "FiveDotTwelve" */ = {
			isa = XCConfigurationList;
			buildConfigurations = (
				E5EA6510240573EA00BA7D25 /* Debug */,
				E5EA6511240573EA00BA7D25 /* Release */,
			);
			defaultConfigurationIsVisible = 0;
			defaultConfigurationName = Release;
		};
		E5EA6512240573EA00BA7D25 /* Build configuration list for PBXNativeTarget "FiveDotTwelve" */ = {
			isa = XCConfigurationList;
			buildConfigurations = (
				E5EA6513240573EA00BA7D25 /* Debug */,
				E5EA6514240573EA00BA7D25 /* Release */,
			);
			defaultConfigurationIsVisible = 0;
			defaultConfigurationName = Release;
		};
		E5EA6515240573EA00BA7D25 /* Build configuration list for PBXNativeTarget "FiveDotTwelveTests" */ = {
			isa = XCConfigurationList;
			buildConfigurations = (
				E5EA6516240573EA00BA7D25 /* Debug */,
				E5EA6517240573EA00BA7D25 /* Release */,
			);
			defaultConfigurationIsVisible = 0;
			defaultConfigurationName = Release;
		};
/* End XCConfigurationList section */

/* Begin XCRemoteSwiftPackageReference section */
		E5EA6518240574EA00BA7D25 /* XCRemoteSwiftPackageReference "Nimble" */ = {
			isa = XCRemoteSwiftPackageReference;
			repositoryURL = "https://github.com/Quick/Nimble";
			requirement = {
				kind = upToNextMajorVersion;
				minimumVersion = 8.0.5;
			};
		};
		E5EA651B2405750A00BA7D25 /* XCRemoteSwiftPackageReference "Quick" */ = {
			isa = XCRemoteSwiftPackageReference;
			repositoryURL = "https://github.com/Quick/Quick";
			requirement = {
				kind = upToNextMajorVersion;
				minimumVersion = 2.2.0;
			};
		};
		E5EA654524057FBA00BA7D25 /* XCRemoteSwiftPackageReference "AlamofireImage" */ = {
			isa = XCRemoteSwiftPackageReference;
			repositoryURL = "https://github.com/Alamofire/AlamofireImage";
			requirement = {
				kind = upToNextMajorVersion;
				minimumVersion = 4.0.1;
			};
		};
/* End XCRemoteSwiftPackageReference section */

/* Begin XCSwiftPackageProductDependency section */
		E5EA651C2405750A00BA7D25 /* Quick */ = {
			isa = XCSwiftPackageProductDependency;
			package = E5EA651B2405750A00BA7D25 /* XCRemoteSwiftPackageReference "Quick" */;
			productName = Quick;
		};
		E5EA65292405766800BA7D25 /* Nimble */ = {
			isa = XCSwiftPackageProductDependency;
			package = E5EA6518240574EA00BA7D25 /* XCRemoteSwiftPackageReference "Nimble" */;
			productName = Nimble;
		};
		E5EA654624057FBA00BA7D25 /* AlamofireImage */ = {
			isa = XCSwiftPackageProductDependency;
			package = E5EA654524057FBA00BA7D25 /* XCRemoteSwiftPackageReference "AlamofireImage" */;
			productName = AlamofireImage;
		};
/* End XCSwiftPackageProductDependency section */
	};
	rootObject = E5EA64EB240573E700BA7D25 /* Project object */;
}
